{
  "nodes": {
    "nixgl": {
      "inputs": {
        "nixpkgs": [
          "nixpkgs"
        ]
      },
      "locked": {
        "lastModified": 1656321324,
        "narHash": "sha256-Sz0uWspqvshGFbT+XmRVVayuW514rNNLLvrre8jBLLU=",
        "owner": "guibou",
        "repo": "nixGL",
        "rev": "047a34b2f087e2e3f93d43df8e67ada40bf70e5c",
        "type": "github"
      },
      "original": {
        "owner": "guibou",
        "repo": "nixGL",
        "type": "github"
      }
    },
    "nixpkgs": {
      "locked": {
        "lastModified": 1658290795,
        "narHash": "sha256-t9hCidaSxPmzUimcSn51bjqcjjGsoQi6JLrAzJq0dz4=",
        "owner": "nixos",
        "repo": "nixpkgs",
        "rev": "614a842b74b7a1497e8cfca7c61bec38f51911b3",
        "type": "github"
      },
      "original": {
        "owner": "nixos",
        "ref": "nixos-unstable",
        "repo": "nixpkgs",
        "type": "github"
      }
    },
    "nur": {
      "locked": {
        "lastModified": 1658400523,
        "narHash": "sha256-jXcN9e8LE9bin7hmJIWTPFbIYWwhyjAwd9TGMB1v0tQ=",
        "owner": "nix-community",
        "repo": "NUR",
        "rev": "a89067c04e3f0d01fa3f638cdb2c1b5efabd7186",
        "type": "github"
      },
      "original": {
        "owner": "nix-community",
        "repo": "NUR",
        "type": "github"
      }
    },
    "root": {
      "inputs": {
        "nixgl": "nixgl",
        "nixpkgs": "nixpkgs",
        "nur": "nur"
      }
    }
  },
  "root": "root",
  "version": 7
}
